
Microsoft Visual Studio Solution File, Format Version 12.00
# Visual Studio Version 17
VisualStudioVersion = 17.8.34330.188
MinimumVisualStudioVersion = 10.0.40219.1
Project("{9A19103F-16F7-4668-BE54-9A1E7A4F7556}") = "QLPhongTro", "QLPhongTro\QLPhongTro.csproj", "{EE0C9662-B789-44EC-9EE1-4A94C20CE258}"
EndProject
Global
	GlobalSection(SolutionConfigurationPlatforms) = preSolution
		Debug|Any CPU = Debug|Any CPU
		Release|Any CPU = Release|Any CPU
	EndGlobalSection
	GlobalSection(ProjectConfigurationPlatforms) = postSolution
		{EE0C9662-B789-44EC-9EE1-4A94C20CE258}.Debug|Any CPU.ActiveCfg = Debug|Any CPU
		{EE0C9662-B789-44EC-9EE1-4A94C20CE258}.Debug|Any CPU.Build.0 = Debug|Any CPU
		{EE0C9662-B789-44EC-9EE1-4A94C20CE258}.Release|Any CPU.ActiveCfg = Release|Any CPU
		{EE0C9662-B789-44EC-9EE1-4A94C20CE258}.Release|Any CPU.Build.0 = Release|Any CPU
	EndGlobalSection
	GlobalSection(SolutionProperties) = preSolution
		HideSolutionNode = FALSE
	EndGlobalSection
	GlobalSection(ExtensibilityGlobals) = postSolution
		SolutionGuid = {37F1CAEC-6DEE-4086-B1E0-CD6D5766D17B}
	EndGlobalSection
EndGlobal
